// !$*UTF8*$!
{
	archiveVersion = 1;
	classes = {
	};
	objectVersion = 55;
	objects = {

/* Begin PBXBuildFile section */
		D10BCE6628350A4E0052EA10 /* ContactViewController.swift in Sources */ = {isa = PBXBuildFile; fileRef = D10BCE6528350A4E0052EA10 /* ContactViewController.swift */; };
		D10BCE68283556B10052EA10 /* DetailTableViewController.swift in Sources */ = {isa = PBXBuildFile; fileRef = D10BCE67283556B10052EA10 /* DetailTableViewController.swift */; };
		D1CEAAA72832B6AD00166BE2 /* AppDelegate.swift in Sources */ = {isa = PBXBuildFile; fileRef = D1CEAAA62832B6AD00166BE2 /* AppDelegate.swift */; };
		D1CEAAA92832B6AD00166BE2 /* SceneDelegate.swift in Sources */ = {isa = PBXBuildFile; fileRef = D1CEAAA82832B6AD00166BE2 /* SceneDelegate.swift */; };
		D1CEAAAE2832B6AD00166BE2 /* Main.storyboard in Resources */ = {isa = PBXBuildFile; fileRef = D1CEAAAC2832B6AD00166BE2 /* Main.storyboard */; };
		D1CEAAB02832B6AE00166BE2 /* Assets.xcassets in Resources */ = {isa = PBXBuildFile; fileRef = D1CEAAAF2832B6AE00166BE2 /* Assets.xcassets */; };
		D1CEAAB32832B6AE00166BE2 /* LaunchScreen.storyboard in Resources */ = {isa = PBXBuildFile; fileRef = D1CEAAB12832B6AE00166BE2 /* LaunchScreen.storyboard */; };
		D1CEAABB2832B8F500166BE2 /* PersonsListViewController.swift in Sources */ = {isa = PBXBuildFile; fileRef = D1CEAABA2832B8F500166BE2 /* PersonsListViewController.swift */; };
		D1CEAABE2832BAFA00166BE2 /* Person.swift in Sources */ = {isa = PBXBuildFile; fileRef = D1CEAABD2832BAFA00166BE2 /* Person.swift */; };
		D1CEAAC02834016500166BE2 /* DataManager.swift in Sources */ = {isa = PBXBuildFile; fileRef = D1CEAABF2834016500166BE2 /* DataManager.swift */; };
		D1E8FFB62837CB2A0087E51D /* TabBarViewController.swift in Sources */ = {isa = PBXBuildFile; fileRef = D1E8FFB52837CB2A0087E51D /* TabBarViewController.swift */; };
/* End PBXBuildFile section */

/* Begin PBXFileReference section */
		D10BCE6528350A4E0052EA10 /* ContactViewController.swift */ = {isa = PBXFileReference; lastKnownFileType = sourcecode.swift; path = ContactViewController.swift; sourceTree = "<group>"; };
		D10BCE67283556B10052EA10 /* DetailTableViewController.swift */ = {isa = PBXFileReference; lastKnownFileType = sourcecode.swift; path = DetailTableViewController.swift; sourceTree = "<group>"; };
		D1CEAAA32832B6AD00166BE2 /* PearsonsList.app */ = {isa = PBXFileReference; explicitFileType = wrapper.application; includeInIndex = 0; path = PearsonsList.app; sourceTree = BUILT_PRODUCTS_DIR; };
		D1CEAAA62832B6AD00166BE2 /* AppDelegate.swift */ = {isa = PBXFileReference; lastKnownFileType = sourcecode.swift; path = AppDelegate.swift; sourceTree = "<group>"; };
		D1CEAAA82832B6AD00166BE2 /* SceneDelegate.swift */ = {isa = PBXFileReference; lastKnownFileType = sourcecode.swift; path = SceneDelegate.swift; sourceTree = "<group>"; };
		D1CEAAAD2832B6AD00166BE2 /* Base */ = {isa = PBXFileReference; lastKnownFileType = file.storyboard; name = Base; path = Base.lproj/Main.storyboard; sourceTree = "<group>"; };
		D1CEAAAF2832B6AE00166BE2 /* Assets.xcassets */ = {isa = PBXFileReference; lastKnownFileType = folder.assetcatalog; path = Assets.xcassets; sourceTree = "<group>"; };
		D1CEAAB22832B6AE00166BE2 /* Base */ = {isa = PBXFileReference; lastKnownFileType = file.storyboard; name = Base; path = Base.lproj/LaunchScreen.storyboard; sourceTree = "<group>"; };
		D1CEAAB42832B6AE00166BE2 /* Info.plist */ = {isa = PBXFileReference; lastKnownFileType = text.plist.xml; path = Info.plist; sourceTree = "<group>"; };
		D1CEAABA2832B8F500166BE2 /* PersonsListViewController.swift */ = {isa = PBXFileReference; lastKnownFileType = sourcecode.swift; path = PersonsListViewController.swift; sourceTree = "<group>"; };
		D1CEAABD2832BAFA00166BE2 /* Person.swift */ = {isa = PBXFileReference; lastKnownFileType = sourcecode.swift; path = Person.swift; sourceTree = "<group>"; };
		D1CEAABF2834016500166BE2 /* DataManager.swift */ = {isa = PBXFileReference; lastKnownFileType = sourcecode.swift; path = DataManager.swift; sourceTree = "<group>"; };
		D1E8FFB52837CB2A0087E51D /* TabBarViewController.swift */ = {isa = PBXFileReference; lastKnownFileType = sourcecode.swift; path = TabBarViewController.swift; sourceTree = "<group>"; };
/* End PBXFileReference section */

/* Begin PBXFrameworksBuildPhase section */
		D1CEAAA02832B6AD00166BE2 /* Frameworks */ = {
			isa = PBXFrameworksBuildPhase;
			buildActionMask = 2147483647;
			files = (
			);
			runOnlyForDeploymentPostprocessing = 0;
		};
/* End PBXFrameworksBuildPhase section */

/* Begin PBXGroup section */
		D1CEAA9A2832B6AD00166BE2 = {
			isa = PBXGroup;
			children = (
				D1CEAAA52832B6AD00166BE2 /* PearsonsList */,
				D1CEAAA42832B6AD00166BE2 /* Products */,
			);
			sourceTree = "<group>";
		};
		D1CEAAA42832B6AD00166BE2 /* Products */ = {
			isa = PBXGroup;
			children = (
				D1CEAAA32832B6AD00166BE2 /* PearsonsList.app */,
			);
			name = Products;
			sourceTree = "<group>";
		};
		D1CEAAA52832B6AD00166BE2 /* PearsonsList */ = {
			isa = PBXGroup;
			children = (
				D1CEAAA62832B6AD00166BE2 /* AppDelegate.swift */,
				D1CEAABA2832B8F500166BE2 /* PersonsListViewController.swift */,
				D1CEAAA82832B6AD00166BE2 /* SceneDelegate.swift */,
				D1CEAAAC2832B6AD00166BE2 /* Main.storyboard */,
				D1E8FFB52837CB2A0087E51D /* TabBarViewController.swift */,
				D10BCE67283556B10052EA10 /* DetailTableViewController.swift */,
				D1CEAAAF2832B6AE00166BE2 /* Assets.xcassets */,
				D1CEAAB12832B6AE00166BE2 /* LaunchScreen.storyboard */,
				D1CEAAB42832B6AE00166BE2 /* Info.plist */,
				D1CEAABD2832BAFA00166BE2 /* Person.swift */,
				D1CEAABF2834016500166BE2 /* DataManager.swift */,
				D10BCE6528350A4E0052EA10 /* ContactViewController.swift */,
			);
			path = PearsonsList;
			sourceTree = "<group>";
		};
/* End PBXGroup section */

/* Begin PBXNativeTarget section */
		D1CEAAA22832B6AD00166BE2 /* PearsonsList */ = {
			isa = PBXNativeTarget;
			buildConfigurationList = D1CEAAB72832B6AE00166BE2 /* Build configuration list for PBXNativeTarget "PearsonsList" */;
			buildPhases = (
				D1CEAA9F2832B6AD00166BE2 /* Sources */,
				D1CEAAA02832B6AD00166BE2 /* Frameworks */,
				D1CEAAA12832B6AD00166BE2 /* Resources */,
			);
			buildRules = (
			);
			dependencies = (
			);
			name = PearsonsList;
			productName = PearsonsList;
			productReference = D1CEAAA32832B6AD00166BE2 /* PearsonsList.app */;
			productType = "com.apple.product-type.application";
		};
/* End PBXNativeTarget section */

/* Begin PBXProject section */
		D1CEAA9B2832B6AD00166BE2 /* Project object */ = {
			isa = PBXProject;
			attributes = {
				BuildIndependentTargetsInParallel = 1;
				LastSwiftUpdateCheck = 1330;
				LastUpgradeCheck = 1330;
				TargetAttributes = {
					D1CEAAA22832B6AD00166BE2 = {
						CreatedOnToolsVersion = 13.3.1;
					};
				};
			};
			buildConfigurationList = D1CEAA9E2832B6AD00166BE2 /* Build configuration list for PBXProject "PearsonsList" */;
			compatibilityVersion = "Xcode 13.0";
			developmentRegion = en;
			hasScannedForEncodings = 0;
			knownRegions = (
				en,
				Base,
			);
			mainGroup = D1CEAA9A2832B6AD00166BE2;
			productRefGroup = D1CEAAA42832B6AD00166BE2 /* Products */;
			projectDirPath = "";
			projectRoot = "";
			targets = (
				D1CEAAA22832B6AD00166BE2 /* PearsonsList */,
			);
		};
/* End PBXProject section */

/* Begin PBXResourcesBuildPhase section */
		D1CEAAA12832B6AD00166BE2 /* Resources */ = {
			isa = PBXResourcesBuildPhase;
			buildActionMask = 2147483647;
			files = (
				D1CEAAB32832B6AE00166BE2 /* LaunchScreen.storyboard in Resources */,
				D1CEAAB02832B6AE00166BE2 /* Assets.xcassets in Resources */,
				D1CEAAAE2832B6AD00166BE2 /* Main.storyboard in Resources */,
			);
			runOnlyForDeploymentPostprocessing = 0;
		};
/* End PBXResourcesBuildPhase section */

/* Begin PBXSourcesBuildPhase section */
		D1CEAA9F2832B6AD00166BE2 /* Sources */ = {
			isa = PBXSourcesBuildPhase;
			buildActionMask = 2147483647;
			files = (
				D1E8FFB62837CB2A0087E51D /* TabBarViewController.swift in Sources */,
				D10BCE68283556B10052EA10 /* DetailTableViewController.swift in Sources */,
				D1CEAABE2832BAFA00166BE2 /* Person.swift in Sources */,
				D1CEAAC02834016500166BE2 /* DataManager.swift in Sources */,
				D1CEAAA72832B6AD00166BE2 /* AppDelegate.swift in Sources */,
				D10BCE6628350A4E0052EA10 /* ContactViewController.swift in Sources */,
				D1CEAAA92832B6AD00166BE2 /* SceneDelegate.swift in Sources */,
				D1CEAABB2832B8F500166BE2 /* PersonsListViewController.swift in Sources */,
			);
			runOnlyForDeploymentPostprocessing = 0;
		};
/* End PBXSourcesBuildPhase section */

/* Begin PBXVariantGroup section */
		D1CEAAAC2832B6AD00166BE2 /* Main.storyboard */ = {
			isa = PBXVariantGroup;
			children = (
				D1CEAAAD2832B6AD00166BE2 /* Base */,
			);
			name = Main.storyboard;
			sourceTree = "<group>";
		};
		D1CEAAB12832B6AE00166BE2 /* LaunchScreen.storyboard */ = {
			isa = PBXVariantGroup;
			children = (
				D1CEAAB22832B6AE00166BE2 /* Base */,
			);
			name = LaunchScreen.storyboard;
			sourceTree = "<group>";
		};
/* End PBXVariantGroup section */

/* Begin XCBuildConfiguration section */
		D1CEAAB52832B6AE00166BE2 /* Debug */ = {
			isa = XCBuildConfiguration;
			buildSettings = {
				ALWAYS_SEARCH_USER_PATHS = NO;
				CLANG_ANALYZER_NONNULL = YES;
				CLANG_ANALYZER_NUMBER_OBJECT_CONVERSION = YES_AGGRESSIVE;
				CLANG_CXX_LANGUAGE_STANDARD = "gnu++17";
				CLANG_ENABLE_MODULES = YES;
				CLANG_ENABLE_OBJC_ARC = YES;
				CLANG_ENABLE_OBJC_WEAK = YES;
				CLANG_WARN_BLOCK_CAPTURE_AUTORELEASING = YES;
				CLANG_WARN_BOOL_CONVERSION = YES;
				CLANG_WARN_COMMA = YES;
				CLANG_WARN_CONSTANT_CONVERSION = YES;
				CLANG_WARN_DEPRECATED_OBJC_IMPLEMENTATIONS = YES;
				CLANG_WARN_DIRECT_OBJC_ISA_USAGE = YES_ERROR;
				CLANG_WARN_DOCUMENTATION_COMMENTS = YES;
				CLANG_WARN_EMPTY_BODY = YES;
				CLANG_WARN_ENUM_CONVERSION = YES;
				CLANG_WARN_INFINITE_RECURSION = YES;
				CLANG_WARN_INT_CONVERSION = YES;
				CLANG_WARN_NON_LITERAL_NULL_CONVERSION = YES;
				CLANG_WARN_OBJC_IMPLICIT_RETAIN_SELF = YES;
				CLANG_WARN_OBJC_LITERAL_CONVERSION = YES;
				CLANG_WARN_OBJC_ROOT_CLASS = YES_ERROR;
				CLANG_WARN_QUOTED_INCLUDE_IN_FRAMEWORK_HEADER = YES;
				CLANG_WARN_RANGE_LOOP_ANALYSIS = YES;
				CLANG_WARN_STRICT_PROTOTYPES = YES;
				CLANG_WARN_SUSPICIOUS_MOVE = YES;
				CLANG_WARN_UNGUARDED_AVAILABILITY = YES_AGGRESSIVE;
				CLANG_WARN_UNREACHABLE_CODE = YES;
				CLANG_WARN__DUPLICATE_METHOD_MATCH = YES;
				COPY_PHASE_STRIP = NO;
				DEBUG_INFORMATION_FORMAT = dwarf;
				ENABLE_STRICT_OBJC_MSGSEND = YES;
				ENABLE_TESTABILITY = YES;
				GCC_C_LANGUAGE_STANDARD = gnu11;
				GCC_DYNAMIC_NO_PIC = NO;
				GCC_NO_COMMON_BLOCKS = YES;
				GCC_OPTIMIZATION_LEVEL = 0;
				GCC_PREPROCESSOR_DEFINITIONS = (
					"DEBUG=1",
					"$(inherited)",
				);
				GCC_WARN_64_TO_32_BIT_CONVERSION = YES;
				GCC_WARN_ABOUT_RETURN_TYPE = YES_ERROR;
				GCC_WARN_UNDECLARED_SELECTOR = YES;
				GCC_WARN_UNINITIALIZED_AUTOS = YES_AGGRESSIVE;
				GCC_WARN_UNUSED_FUNCTION = YES;
				GCC_WARN_UNUSED_VARIABLE = YES;
				IPHONEOS_DEPLOYMENT_TARGET = 15.4;
				MTL_ENABLE_DEBUG_INFO = INCLUDE_SOURCE;
				MTL_FAST_MATH = YES;
				ONLY_ACTIVE_ARCH = YES;
				SDKROOT = iphoneos;
				SWIFT_ACTIVE_COMPILATION_CONDITIONS = DEBUG;
				SWIFT_OPTIMIZATION_LEVEL = "-Onone";
			};
			name = Debug;
		};
		D1CEAAB62832B6AE00166BE2 /* Release */ = {
			isa = XCBuildConfiguration;
			buildSettings = {
				ALWAYS_SEARCH_USER_PATHS = NO;
				CLANG_ANALYZER_NONNULL = YES;
				CLANG_ANALYZER_NUMBER_OBJECT_CONVERSION = YES_AGGRESSIVE;
				CLANG_CXX_LANGUAGE_STANDARD = "gnu++17";
				CLANG_ENABLE_MODULES = YES;
				CLANG_ENABLE_OBJC_ARC = YES;
				CLANG_ENABLE_OBJC_WEAK = YES;
				CLANG_WARN_BLOCK_CAPTURE_AUTORELEASING = YES;
				CLANG_WARN_BOOL_CONVERSION = YES;
				CLANG_WARN_COMMA = YES;
				CLANG_WARN_CONSTANT_CONVERSION = YES;
				CLANG_WARN_DEPRECATED_OBJC_IMPLEMENTATIONS = YES;
				CLANG_WARN_DIRECT_OBJC_ISA_USAGE = YES_ERROR;
				CLANG_WARN_DOCUMENTATION_COMMENTS = YES;
				CLANG_WARN_EMPTY_BODY = YES;
				CLANG_WARN_ENUM_CONVERSION = YES;
				CLANG_WARN_INFINITE_RECURSION = YES;
				CLANG_WARN_INT_CONVERSION = YES;
				CLANG_WARN_NON_LITERAL_NULL_CONVERSION = YES;
				CLANG_WARN_OBJC_IMPLICIT_RETAIN_SELF = YES;
				CLANG_WARN_OBJC_LITERAL_CONVERSION = YES;
				CLANG_WARN_OBJC_ROOT_CLASS = YES_ERROR;
				CLANG_WARN_QUOTED_INCLUDE_IN_FRAMEWORK_HEADER = YES;
				CLANG_WARN_RANGE_LOOP_ANALYSIS = YES;
				CLANG_WARN_STRICT_PROTOTYPES = YES;
				CLANG_WARN_SUSPICIOUS_MOVE = YES;
				CLANG_WARN_UNGUARDED_AVAILABILITY = YES_AGGRESSIVE;
				CLANG_WARN_UNREACHABLE_CODE = YES;
				CLANG_WARN__DUPLICATE_METHOD_MATCH = YES;
				COPY_PHASE_STRIP = NO;
				DEBUG_INFORMATION_FORMAT = "dwarf-with-dsym";
				ENABLE_NS_ASSERTIONS = NO;
				ENABLE_STRICT_OBJC_MSGSEND = YES;
				GCC_C_LANGUAGE_STANDARD = gnu11;
				GCC_NO_COMMON_BLOCKS = YES;
				GCC_WARN_64_TO_32_BIT_CONVERSION = YES;
				GCC_WARN_ABOUT_RETURN_TYPE = YES_ERROR;
				GCC_WARN_UNDECLARED_SELECTOR = YES;
				GCC_WARN_UNINITIALIZED_AUTOS = YES_AGGRESSIVE;
				GCC_WARN_UNUSED_FUNCTION = YES;
				GCC_WARN_UNUSED_VARIABLE = YES;
				IPHONEOS_DEPLOYMENT_TARGET = 15.4;
				MTL_ENABLE_DEBUG_INFO = NO;
				MTL_FAST_MATH = YES;
				SDKROOT = iphoneos;
				SWIFT_COMPILATION_MODE = wholemodule;
				SWIFT_OPTIMIZATION_LEVEL = "-O";
				VALIDATE_PRODUCT = YES;
			};
			name = Release;
		};
		D1CEAAB82832B6AE00166BE2 /* Debug */ = {
			isa = XCBuildConfiguration;
			buildSettings = {
				ASSETCATALOG_COMPILER_APPICON_NAME = AppIcon;
				ASSETCATALOG_COMPILER_GLOBAL_ACCENT_COLOR_NAME = AccentColor;
				CODE_SIGN_STYLE = Automatic;
				CURRENT_PROJECT_VERSION = 1;
				DEVELOPMENT_TEAM = CACQHX277T;
				GENERATE_INFOPLIST_FILE = YES;
				INFOPLIST_FILE = PearsonsList/Info.plist;
				INFOPLIST_KEY_UIApplicationSupportsIndirectInputEvents = YES;
				INFOPLIST_KEY_UILaunchStoryboardName = LaunchScreen;
				INFOPLIST_KEY_UIMainStoryboardFile = Main;
				INFOPLIST_KEY_UISupportedInterfaceOrientations_iPad = "UIInterfaceOrientationPortrait UIInterfaceOrientationPortraitUpsideDown UIInterfaceOrientationLandscapeLeft UIInterfaceOrientationLandscapeRight";
				INFOPLIST_KEY_UISupportedInterfaceOrientations_iPhone = "UIInterfaceOrientationPortrait UIInterfaceOrientationLandscapeLeft UIInterfaceOrientationLandscapeRight";
				LD_RUNPATH_SEARCH_PATHS = (
					"$(inherited)",
					"@executable_path/Frameworks",
				);
				MARKETING_VERSION = 1.0;
				PRODUCT_BUNDLE_IDENTIFIER = VladimirDvornikov.PearsonsList;
				PRODUCT_NAME = "$(TARGET_NAME)";
				SWIFT_EMIT_LOC_STRINGS = YES;
				SWIFT_VERSION = 5.0;
				TARGETED_DEVICE_FAMILY = "1,2";
			};
			name = Debug;
		};
		D1CEAAB92832B6AE00166BE2 /* Release */ = {
			isa = XCBuildConfiguration;
			buildSettings = {
				ASSETCATALOG_COMPILER_APPICON_NAME = AppIcon;
				ASSETCATALOG_COMPILER_GLOBAL_ACCENT_COLOR_NAME = AccentColor;
				CODE_SIGN_STYLE = Automatic;
				CURRENT_PROJECT_VERSION = 1;
				DEVELOPMENT_TEAM = CACQHX277T;
				GENERATE_INFOPLIST_FILE = YES;
				INFOPLIST_FILE = PearsonsList/Info.plist;
				INFOPLIST_KEY_UIApplicationSupportsIndirectInputEvents = YES;
				INFOPLIST_KEY_UILaunchStoryboardName = LaunchScreen;
				INFOPLIST_KEY_UIMainStoryboardFile = Main;
				INFOPLIST_KEY_UISupportedInterfaceOrientations_iPad = "UIInterfaceOrientationPortrait UIInterfaceOrientationPortraitUpsideDown UIInterfaceOrientationLandscapeLeft UIInterfaceOrientationLandscapeRight";
				INFOPLIST_KEY_UISupportedInterfaceOrientations_iPhone = "UIInterfaceOrientationPortrait UIInterfaceOrientationLandscapeLeft UIInterfaceOrientationLandscapeRight";
				LD_RUNPATH_SEARCH_PATHS = (
					"$(inherited)",
					"@executable_path/Frameworks",
				);
				MARKETING_VERSION = 1.0;
				PRODUCT_BUNDLE_IDENTIFIER = VladimirDvornikov.PearsonsList;
				PRODUCT_NAME = "$(TARGET_NAME)";
				SWIFT_EMIT_LOC_STRINGS = YES;
				SWIFT_VERSION = 5.0;
				TARGETED_DEVICE_FAMILY = "1,2";
			};
			name = Release;
		};
/* End XCBuildConfiguration section */

/* Begin XCConfigurationList section */
		D1CEAA9E2832B6AD00166BE2 /* Build configuration list for PBXProject "PearsonsList" */ = {
			isa = XCConfigurationList;
			buildConfigurations = (
				D1CEAAB52832B6AE00166BE2 /* Debug */,
				D1CEAAB62832B6AE00166BE2 /* Release */,
			);
			defaultConfigurationIsVisible = 0;
			defaultConfigurationName = Release;
		};
		D1CEAAB72832B6AE00166BE2 /* Build configuration list for PBXNativeTarget "PearsonsList" */ = {
			isa = XCConfigurationList;
			buildConfigurations = (
				D1CEAAB82832B6AE00166BE2 /* Debug */,
				D1CEAAB92832B6AE00166BE2 /* Release */,
			);
			defaultConfigurationIsVisible = 0;
			defaultConfigurationName = Release;
		};
/* End XCConfigurationList section */
	};
	rootObject = D1CEAA9B2832B6AD00166BE2 /* Project object */;
}
